
Microsoft Visual Studio Solution File, Format Version 12.00
# Visual Studio Version 16
VisualStudioVersion = 16.0.30114.105
MinimumVisualStudioVersion = 10.0.40219.1
Project("{FAE04EC0-301F-11D3-BF4B-00C04F79EFBC}") = "exemploPOO", "exemploPOO\exemploPOO.csproj", "{44349FCC-B388-48E8-B2C3-20A9517784E2}"
EndProject
Global
	GlobalSection(SolutionConfigurationPlatforms) = preSolution
		Debug|Any CPU = Debug|Any CPU
		Release|Any CPU = Release|Any CPU
	EndGlobalSection
	GlobalSection(SolutionProperties) = preSolution
		HideSolutionNode = FALSE
	EndGlobalSection
	GlobalSection(ProjectConfigurationPlatforms) = postSolution
		{44349FCC-B388-48E8-B2C3-20A9517784E2}.Debug|Any CPU.ActiveCfg = Debug|Any CPU
		{44349FCC-B388-48E8-B2C3-20A9517784E2}.Debug|Any CPU.Build.0 = Debug|Any CPU
		{44349FCC-B388-48E8-B2C3-20A9517784E2}.Release|Any CPU.ActiveCfg = Release|Any CPU
		{44349FCC-B388-48E8-B2C3-20A9517784E2}.Release|Any CPU.Build.0 = Release|Any CPU
	EndGlobalSection
EndGlobal
